<?xml version="1.0" encoding="UTF-8" standalone="yes" ?>
<CodeBlocks_project_file>
	<FileVersion major="1" minor="6" />
	<Project>
		<Option title="CMP.libs.fsScan" />
		<Option pch_mode="2" />
		<Option compiler="gcc" />
		<Build>
			<Target title="Debug">
				<Option output="fsScan" prefix_auto="1" extension_auto="1" />
				<Option working_dir="" />
				<Option object_output="obj/Debug/" />
				<Option type="2" />
				<Option compiler="gcc" />
				<Option createDefFile="1" />
				<Compiler>
					<Add option="-Wall" />
					<Add option="-g" />
				</Compiler>
			</Target>
			<Target title="Release">
				<Option output="fsScan" prefix_auto="1" extension_auto="1" />
				<Option working_dir="" />
				<Option object_output="obj/Release/" />
				<Option type="2" />
				<Option compiler="gcc" />
				<Option createDefFile="1" />
				<Compiler>
					<Add option="-Wall" />
					<Add option="-O2" />
				</Compiler>
				<Linker>
					<Add option="-s" />
				</Linker>
			</Target>
		</Build>
		<Compiler>
			<Add option="-std=gnu++0x -fomit-frame-pointer -fPIC -pthread -Wall -Wno-parentheses -Wno-switch -Wdisabled-optimization -Wpointer-arith -Wredundant-decls -Wwrite-strings -Wtype-limits -Wundef -fno-math-errno -fno-signed-zeros -fno-tree-vectorize -Werror=implicit-function-declaration -ansi" />
			<Add option="-D_REENTRANT" />
			<Add option="-D_GNU_SOURCE=1" />
			<Add directory="../vdr/include" />
			<Add directory="../util/include" />
			<Add directory="../networking/include" />
			<Add directory="include" />
		</Compiler>
		<Unit filename="include/AbstractMedia.h" />
		<Unit filename="include/AbstractMultiFileMovie.h" />
		<Unit filename="include/Audio.h" />
		<Unit filename="include/DVDImage.h" />
		<Unit filename="include/File.h" />
		<Unit filename="include/FileRepresentation.h" />
		<Unit filename="include/FileSystem.h" />
		<Unit filename="include/FilesystemScanner.h" />
		<Unit filename="include/LegacyVdrRecording.h" />
		<Unit filename="include/MediaFactory.h" />
		<Unit filename="include/Movie.h" />
		<Unit filename="include/Picture.h" />
		<Unit filename="include/VdrRecording.h" />
		<Unit filename="src/AbstractMedia.cc" />
		<Unit filename="src/AbstractMultiFileMovie.cc" />
		<Unit filename="src/Audio.cc" />
		<Unit filename="src/DVDImage.cc" />
		<Unit filename="src/File.cc" />
		<Unit filename="src/FileRepresentation.cc" />
		<Unit filename="src/FileSystem.cc" />
		<Unit filename="src/FilesystemScanner.cc" />
		<Unit filename="src/LegacyVdrRecording.cc" />
		<Unit filename="src/MediaFactory.cc" />
		<Unit filename="src/Movie.cc" />
		<Unit filename="src/Picture.cc" />
		<Unit filename="src/VdrRecording.cc" />
		<Extensions>
			<code_completion />
			<envvars />
			<lib_finder disable_auto="1" />
			<debugger />
		</Extensions>
	</Project>
</CodeBlocks_project_file>
