<?xml version="1.0" encoding="UTF-8" standalone="yes" ?>
<CodeBlocks_project_file>
	<FileVersion major="1" minor="6" />
	<Project>
		<Option title="CMP.server" />
		<Option pch_mode="2" />
		<Option compiler="gcc" />
		<Build>
			<Target title="Debug">
				<Option output="bin/Debug/cmps" prefix_auto="1" extension_auto="1" />
				<Option object_output="obj/Debug/" />
				<Option type="1" />
				<Option compiler="gcc" />
				<Compiler>
					<Add option="-g" />
				</Compiler>
			</Target>
			<Target title="Release">
				<Option output="bin/Release/cmps" prefix_auto="1" extension_auto="1" />
				<Option object_output="obj/Release/" />
				<Option type="1" />
				<Option compiler="gcc" />
				<Compiler>
					<Add option="-O2" />
				</Compiler>
				<Linker>
					<Add option="-s" />
				</Linker>
			</Target>
		</Build>
		<Compiler>
			<Add option="-Wall" />
			<Add option="-std=gnu++0x -fomit-frame-pointer -fPIC -pthread -Wall -Wno-parentheses -Wno-switch -Wdisabled-optimization -Wpointer-arith -Wredundant-decls -Wwrite-strings -Wtype-limits -Wundef -fno-math-errno -fno-signed-zeros -fno-tree-vectorize -Werror=implicit-function-declaration" />
			<Add option="-D_REENTRANT" />
			<Add option="-D_GNU_SOURCE=1" />
			<Add directory="../libs/vdr/include" />
			<Add directory="../libs/util/include" />
			<Add directory="../libs/networking/include" />
			<Add directory="../libs/IO/include" />
			<Add directory="../libs/fsScan/include" />
			<Add directory="serverlib/include" />
			<Add directory="include" />
		</Compiler>
		<Linker>
			<Add library="serverlib/libserverlib.a" />
			<Add library="../libs/fsScan/libfsScan.a" />
			<Add library="../libs/networking/libnetworking.a" />
			<Add library="../libs/IO/libIO.a" />
			<Add library="../libs/util/libutil.a" />
			<Add library="../libs/vdr/libvdr.a" />
			<Add library="pthread" />
			<Add library="ssl" />
			<Add library="crypt" />
			<Add library="rt" />
			<Add library="pcrecpp" />
		</Linker>
		<Unit filename="main.cc" />
		<Extensions>
			<code_completion />
			<envvars />
			<lib_finder disable_auto="1" />
			<debugger />
		</Extensions>
	</Project>
</CodeBlocks_project_file>
